// !$*UTF8*$!
{
	archiveVersion = 1;
	classes = {
	};
	objectVersion = 50;
	objects = {

/* Begin PBXBuildFile section */
		0D72B6AB22C1CDC6001C303B /* AppDelegate.swift in Sources */ = {isa = PBXBuildFile; fileRef = 0D72B6AA22C1CDC6001C303B /* AppDelegate.swift */; };
		0D72B6AD22C1CDC6001C303B /* ViewController.swift in Sources */ = {isa = PBXBuildFile; fileRef = 0D72B6AC22C1CDC6001C303B /* ViewController.swift */; };
		0D72B6B022C1CDC6001C303B /* Main.storyboard in Resources */ = {isa = PBXBuildFile; fileRef = 0D72B6AE22C1CDC6001C303B /* Main.storyboard */; };
		0D72B6B222C1CDC7001C303B /* Assets.xcassets in Resources */ = {isa = PBXBuildFile; fileRef = 0D72B6B122C1CDC7001C303B /* Assets.xcassets */; };
		0D72B6B522C1CDC7001C303B /* LaunchScreen.storyboard in Resources */ = {isa = PBXBuildFile; fileRef = 0D72B6B322C1CDC7001C303B /* LaunchScreen.storyboard */; };
		0D72B6C022C1CDC7001C303B /* magicCudeTests.swift in Sources */ = {isa = PBXBuildFile; fileRef = 0D72B6BF22C1CDC7001C303B /* magicCudeTests.swift */; };
		0D72B6CB22C1CDC7001C303B /* magicCudeUITests.swift in Sources */ = {isa = PBXBuildFile; fileRef = 0D72B6CA22C1CDC7001C303B /* magicCudeUITests.swift */; };
		0DE7049722CC5934001CB6FD /* MagicCube.swift in Sources */ = {isa = PBXBuildFile; fileRef = 0DE7049522CC5934001CB6FD /* MagicCube.swift */; };
		0DE7049822CC5934001CB6FD /* MagicCubeViewController.swift in Sources */ = {isa = PBXBuildFile; fileRef = 0DE7049622CC5934001CB6FD /* MagicCubeViewController.swift */; };
		0DE704EB22CC5A0A001CB6FD /* search.c in Sources */ = {isa = PBXBuildFile; fileRef = 0DE704DB22CC5A09001CB6FD /* search.c */; };
		0DE704EC22CC5A0A001CB6FD /* coordcube.c in Sources */ = {isa = PBXBuildFile; fileRef = 0DE704E622CC5A09001CB6FD /* coordcube.c */; };
		0DE704ED22CC5A0A001CB6FD /* cubiecube.c in Sources */ = {isa = PBXBuildFile; fileRef = 0DE704E722CC5A09001CB6FD /* cubiecube.c */; };
		0DE704EE22CC5A0A001CB6FD /* facecube.c in Sources */ = {isa = PBXBuildFile; fileRef = 0DE704E822CC5A0A001CB6FD /* facecube.c */; };
		0DE704EF22CC5A0A001CB6FD /* prunetable_helpers.c in Sources */ = {isa = PBXBuildFile; fileRef = 0DE704E922CC5A0A001CB6FD /* prunetable_helpers.c */; };
		0DE704F022CC5A0A001CB6FD /* solve.c in Sources */ = {isa = PBXBuildFile; fileRef = 0DE704EA22CC5A0A001CB6FD /* solve.c */; };
/* End PBXBuildFile section */

/* Begin PBXContainerItemProxy section */
		0D72B6BC22C1CDC7001C303B /* PBXContainerItemProxy */ = {
			isa = PBXContainerItemProxy;
			containerPortal = 0D72B69F22C1CDC6001C303B /* Project object */;
			proxyType = 1;
			remoteGlobalIDString = 0D72B6A622C1CDC6001C303B;
			remoteInfo = magicCude;
		};
		0D72B6C722C1CDC7001C303B /* PBXContainerItemProxy */ = {
			isa = PBXContainerItemProxy;
			containerPortal = 0D72B69F22C1CDC6001C303B /* Project object */;
			proxyType = 1;
			remoteGlobalIDString = 0D72B6A622C1CDC6001C303B;
			remoteInfo = magicCude;
		};
/* End PBXContainerItemProxy section */

/* Begin PBXFileReference section */
		0D72B6A722C1CDC6001C303B /* magicCude.app */ = {isa = PBXFileReference; explicitFileType = wrapper.application; includeInIndex = 0; path = magicCude.app; sourceTree = BUILT_PRODUCTS_DIR; };
		0D72B6AA22C1CDC6001C303B /* AppDelegate.swift */ = {isa = PBXFileReference; lastKnownFileType = sourcecode.swift; path = AppDelegate.swift; sourceTree = "<group>"; };
		0D72B6AC22C1CDC6001C303B /* ViewController.swift */ = {isa = PBXFileReference; lastKnownFileType = sourcecode.swift; path = ViewController.swift; sourceTree = "<group>"; };
		0D72B6AF22C1CDC6001C303B /* Base */ = {isa = PBXFileReference; lastKnownFileType = file.storyboard; name = Base; path = Base.lproj/Main.storyboard; sourceTree = "<group>"; };
		0D72B6B122C1CDC7001C303B /* Assets.xcassets */ = {isa = PBXFileReference; lastKnownFileType = folder.assetcatalog; path = Assets.xcassets; sourceTree = "<group>"; };
		0D72B6B422C1CDC7001C303B /* Base */ = {isa = PBXFileReference; lastKnownFileType = file.storyboard; name = Base; path = Base.lproj/LaunchScreen.storyboard; sourceTree = "<group>"; };
		0D72B6B622C1CDC7001C303B /* Info.plist */ = {isa = PBXFileReference; lastKnownFileType = text.plist.xml; path = Info.plist; sourceTree = "<group>"; };
		0D72B6BB22C1CDC7001C303B /* magicCudeTests.xctest */ = {isa = PBXFileReference; explicitFileType = wrapper.cfbundle; includeInIndex = 0; path = magicCudeTests.xctest; sourceTree = BUILT_PRODUCTS_DIR; };
		0D72B6BF22C1CDC7001C303B /* magicCudeTests.swift */ = {isa = PBXFileReference; lastKnownFileType = sourcecode.swift; path = magicCudeTests.swift; sourceTree = "<group>"; };
		0D72B6C122C1CDC7001C303B /* Info.plist */ = {isa = PBXFileReference; lastKnownFileType = text.plist.xml; path = Info.plist; sourceTree = "<group>"; };
		0D72B6C622C1CDC7001C303B /* magicCudeUITests.xctest */ = {isa = PBXFileReference; explicitFileType = wrapper.cfbundle; includeInIndex = 0; path = magicCudeUITests.xctest; sourceTree = BUILT_PRODUCTS_DIR; };
		0D72B6CA22C1CDC7001C303B /* magicCudeUITests.swift */ = {isa = PBXFileReference; lastKnownFileType = sourcecode.swift; path = magicCudeUITests.swift; sourceTree = "<group>"; };
		0D72B6CC22C1CDC7001C303B /* Info.plist */ = {isa = PBXFileReference; lastKnownFileType = text.plist.xml; path = Info.plist; sourceTree = "<group>"; };
		0DE7049522CC5934001CB6FD /* MagicCube.swift */ = {isa = PBXFileReference; fileEncoding = 4; lastKnownFileType = sourcecode.swift; path = MagicCube.swift; sourceTree = "<group>"; };
		0DE7049622CC5934001CB6FD /* MagicCubeViewController.swift */ = {isa = PBXFileReference; fileEncoding = 4; lastKnownFileType = sourcecode.swift; path = MagicCubeViewController.swift; sourceTree = "<group>"; };
		0DE704DA22CC5A09001CB6FD /* magicCude-Bridging-Header.h */ = {isa = PBXFileReference; lastKnownFileType = sourcecode.c.h; path = "magicCude-Bridging-Header.h"; sourceTree = "<group>"; };
		0DE704DB22CC5A09001CB6FD /* search.c */ = {isa = PBXFileReference; fileEncoding = 4; lastKnownFileType = sourcecode.c.c; path = search.c; sourceTree = "<group>"; };
		0DE704DD22CC5A09001CB6FD /* facecube.h */ = {isa = PBXFileReference; fileEncoding = 4; lastKnownFileType = sourcecode.c.h; path = facecube.h; sourceTree = "<group>"; };
		0DE704DE22CC5A09001CB6FD /* edge.h */ = {isa = PBXFileReference; fileEncoding = 4; lastKnownFileType = sourcecode.c.h; path = edge.h; sourceTree = "<group>"; };
		0DE704DF22CC5A09001CB6FD /* prunetable_helpers.h */ = {isa = PBXFileReference; fileEncoding = 4; lastKnownFileType = sourcecode.c.h; path = prunetable_helpers.h; sourceTree = "<group>"; };
		0DE704E022CC5A09001CB6FD /* cubiecube.h */ = {isa = PBXFileReference; fileEncoding = 4; lastKnownFileType = sourcecode.c.h; path = cubiecube.h; sourceTree = "<group>"; };
		0DE704E122CC5A09001CB6FD /* facelet.h */ = {isa = PBXFileReference; fileEncoding = 4; lastKnownFileType = sourcecode.c.h; path = facelet.h; sourceTree = "<group>"; };
		0DE704E222CC5A09001CB6FD /* color.h */ = {isa = PBXFileReference; fileEncoding = 4; lastKnownFileType = sourcecode.c.h; path = color.h; sourceTree = "<group>"; };
		0DE704E322CC5A09001CB6FD /* corner.h */ = {isa = PBXFileReference; fileEncoding = 4; lastKnownFileType = sourcecode.c.h; path = corner.h; sourceTree = "<group>"; };
		0DE704E422CC5A09001CB6FD /* search.h */ = {isa = PBXFileReference; fileEncoding = 4; lastKnownFileType = sourcecode.c.h; path = search.h; sourceTree = "<group>"; };
		0DE704E522CC5A09001CB6FD /* coordcube.h */ = {isa = PBXFileReference; fileEncoding = 4; lastKnownFileType = sourcecode.c.h; path = coordcube.h; sourceTree = "<group>"; };
		0DE704E622CC5A09001CB6FD /* coordcube.c */ = {isa = PBXFileReference; fileEncoding = 4; lastKnownFileType = sourcecode.c.c; path = coordcube.c; sourceTree = "<group>"; };
		0DE704E722CC5A09001CB6FD /* cubiecube.c */ = {isa = PBXFileReference; fileEncoding = 4; lastKnownFileType = sourcecode.c.c; path = cubiecube.c; sourceTree = "<group>"; };
		0DE704E822CC5A0A001CB6FD /* facecube.c */ = {isa = PBXFileReference; fileEncoding = 4; lastKnownFileType = sourcecode.c.c; path = facecube.c; sourceTree = "<group>"; };
		0DE704E922CC5A0A001CB6FD /* prunetable_helpers.c */ = {isa = PBXFileReference; fileEncoding = 4; lastKnownFileType = sourcecode.c.c; path = prunetable_helpers.c; sourceTree = "<group>"; };
		0DE704EA22CC5A0A001CB6FD /* solve.c */ = {isa = PBXFileReference; fileEncoding = 4; lastKnownFileType = sourcecode.c.c; path = solve.c; sourceTree = "<group>"; };
/* End PBXFileReference section */

/* Begin PBXFrameworksBuildPhase section */
		0D72B6A422C1CDC6001C303B /* Frameworks */ = {
			isa = PBXFrameworksBuildPhase;
			buildActionMask = 2147483647;
			files = (
			);
			runOnlyForDeploymentPostprocessing = 0;
		};
		0D72B6B822C1CDC7001C303B /* Frameworks */ = {
			isa = PBXFrameworksBuildPhase;
			buildActionMask = 2147483647;
			files = (
			);
			runOnlyForDeploymentPostprocessing = 0;
		};
		0D72B6C322C1CDC7001C303B /* Frameworks */ = {
			isa = PBXFrameworksBuildPhase;
			buildActionMask = 2147483647;
			files = (
			);
			runOnlyForDeploymentPostprocessing = 0;
		};
/* End PBXFrameworksBuildPhase section */

/* Begin PBXGroup section */
		0D72B69E22C1CDC6001C303B = {
			isa = PBXGroup;
			children = (
				0D72B6A922C1CDC6001C303B /* magicCude */,
				0D72B6BE22C1CDC7001C303B /* magicCudeTests */,
				0D72B6C922C1CDC7001C303B /* magicCudeUITests */,
				0D72B6A822C1CDC6001C303B /* Products */,
			);
			sourceTree = "<group>";
		};
		0D72B6A822C1CDC6001C303B /* Products */ = {
			isa = PBXGroup;
			children = (
				0D72B6A722C1CDC6001C303B /* magicCude.app */,
				0D72B6BB22C1CDC7001C303B /* magicCudeTests.xctest */,
				0D72B6C622C1CDC7001C303B /* magicCudeUITests.xctest */,
			);
			name = Products;
			sourceTree = "<group>";
		};
		0D72B6A922C1CDC6001C303B /* magicCude */ = {
			isa = PBXGroup;
			children = (
				0DE704D922CC59FF001CB6FD /* ckociemba */,
				0D72B6AA22C1CDC6001C303B /* AppDelegate.swift */,
				0DE7049522CC5934001CB6FD /* MagicCube.swift */,
				0DE7049622CC5934001CB6FD /* MagicCubeViewController.swift */,
				0D72B6AC22C1CDC6001C303B /* ViewController.swift */,
				0D72B6AE22C1CDC6001C303B /* Main.storyboard */,
				0D72B6B122C1CDC7001C303B /* Assets.xcassets */,
				0D72B6B322C1CDC7001C303B /* LaunchScreen.storyboard */,
				0D72B6B622C1CDC7001C303B /* Info.plist */,
			);
			path = magicCude;
			sourceTree = "<group>";
		};
		0D72B6BE22C1CDC7001C303B /* magicCudeTests */ = {
			isa = PBXGroup;
			children = (
				0D72B6BF22C1CDC7001C303B /* magicCudeTests.swift */,
				0D72B6C122C1CDC7001C303B /* Info.plist */,
			);
			path = magicCudeTests;
			sourceTree = "<group>";
		};
		0D72B6C922C1CDC7001C303B /* magicCudeUITests */ = {
			isa = PBXGroup;
			children = (
				0D72B6CA22C1CDC7001C303B /* magicCudeUITests.swift */,
				0D72B6CC22C1CDC7001C303B /* Info.plist */,
			);
			path = magicCudeUITests;
			sourceTree = "<group>";
		};
		0DE704D922CC59FF001CB6FD /* ckociemba */ = {
			isa = PBXGroup;
			children = (
				0DE704E622CC5A09001CB6FD /* coordcube.c */,
				0DE704E722CC5A09001CB6FD /* cubiecube.c */,
				0DE704E822CC5A0A001CB6FD /* facecube.c */,
				0DE704DC22CC5A09001CB6FD /* include */,
				0DE704E922CC5A0A001CB6FD /* prunetable_helpers.c */,
				0DE704DB22CC5A09001CB6FD /* search.c */,
				0DE704EA22CC5A0A001CB6FD /* solve.c */,
				0DE704DA22CC5A09001CB6FD /* magicCude-Bridging-Header.h */,
			);
			path = ckociemba;
			sourceTree = "<group>";
		};
		0DE704DC22CC5A09001CB6FD /* include */ = {
			isa = PBXGroup;
			children = (
				0DE704DD22CC5A09001CB6FD /* facecube.h */,
				0DE704DE22CC5A09001CB6FD /* edge.h */,
				0DE704DF22CC5A09001CB6FD /* prunetable_helpers.h */,
				0DE704E022CC5A09001CB6FD /* cubiecube.h */,
				0DE704E122CC5A09001CB6FD /* facelet.h */,
				0DE704E222CC5A09001CB6FD /* color.h */,
				0DE704E322CC5A09001CB6FD /* corner.h */,
				0DE704E422CC5A09001CB6FD /* search.h */,
				0DE704E522CC5A09001CB6FD /* coordcube.h */,
			);
			path = include;
			sourceTree = "<group>";
		};
/* End PBXGroup section */

/* Begin PBXNativeTarget section */
		0D72B6A622C1CDC6001C303B /* magicCude */ = {
			isa = PBXNativeTarget;
			buildConfigurationList = 0D72B6CF22C1CDC7001C303B /* Build configuration list for PBXNativeTarget "magicCude" */;
			buildPhases = (
				0D72B6A322C1CDC6001C303B /* Sources */,
				0D72B6A422C1CDC6001C303B /* Frameworks */,
				0D72B6A522C1CDC6001C303B /* Resources */,
			);
			buildRules = (
			);
			dependencies = (
			);
			name = magicCude;
			productName = magicCude;
			productReference = 0D72B6A722C1CDC6001C303B /* magicCude.app */;
			productType = "com.apple.product-type.application";
		};
		0D72B6BA22C1CDC7001C303B /* magicCudeTests */ = {
			isa = PBXNativeTarget;
			buildConfigurationList = 0D72B6D222C1CDC7001C303B /* Build configuration list for PBXNativeTarget "magicCudeTests" */;
			buildPhases = (
				0D72B6B722C1CDC7001C303B /* Sources */,
				0D72B6B822C1CDC7001C303B /* Frameworks */,
				0D72B6B922C1CDC7001C303B /* Resources */,
			);
			buildRules = (
			);
			dependencies = (
				0D72B6BD22C1CDC7001C303B /* PBXTargetDependency */,
			);
			name = magicCudeTests;
			productName = magicCudeTests;
			productReference = 0D72B6BB22C1CDC7001C303B /* magicCudeTests.xctest */;
			productType = "com.apple.product-type.bundle.unit-test";
		};
		0D72B6C522C1CDC7001C303B /* magicCudeUITests */ = {
			isa = PBXNativeTarget;
			buildConfigurationList = 0D72B6D522C1CDC7001C303B /* Build configuration list for PBXNativeTarget "magicCudeUITests" */;
			buildPhases = (
				0D72B6C222C1CDC7001C303B /* Sources */,
				0D72B6C322C1CDC7001C303B /* Frameworks */,
				0D72B6C422C1CDC7001C303B /* Resources */,
			);
			buildRules = (
			);
			dependencies = (
				0D72B6C822C1CDC7001C303B /* PBXTargetDependency */,
			);
			name = magicCudeUITests;
			productName = magicCudeUITests;
			productReference = 0D72B6C622C1CDC7001C303B /* magicCudeUITests.xctest */;
			productType = "com.apple.product-type.bundle.ui-testing";
		};
/* End PBXNativeTarget section */

/* Begin PBXProject section */
		0D72B69F22C1CDC6001C303B /* Project object */ = {
			isa = PBXProject;
			attributes = {
				LastSwiftUpdateCheck = 1020;
				LastUpgradeCheck = 1020;
				ORGANIZATIONNAME = "陈谦";
				TargetAttributes = {
					0D72B6A622C1CDC6001C303B = {
						CreatedOnToolsVersion = 10.2;
						LastSwiftMigration = 1020;
					};
					0D72B6BA22C1CDC7001C303B = {
						CreatedOnToolsVersion = 10.2;
						TestTargetID = 0D72B6A622C1CDC6001C303B;
					};
					0D72B6C522C1CDC7001C303B = {
						CreatedOnToolsVersion = 10.2;
						TestTargetID = 0D72B6A622C1CDC6001C303B;
					};
				};
			};
			buildConfigurationList = 0D72B6A222C1CDC6001C303B /* Build configuration list for PBXProject "magicCude" */;
			compatibilityVersion = "Xcode 9.3";
			developmentRegion = en;
			hasScannedForEncodings = 0;
			knownRegions = (
				en,
				Base,
			);
			mainGroup = 0D72B69E22C1CDC6001C303B;
			productRefGroup = 0D72B6A822C1CDC6001C303B /* Products */;
			projectDirPath = "";
			projectRoot = "";
			targets = (
				0D72B6A622C1CDC6001C303B /* magicCude */,
				0D72B6BA22C1CDC7001C303B /* magicCudeTests */,
				0D72B6C522C1CDC7001C303B /* magicCudeUITests */,
			);
		};
/* End PBXProject section */

/* Begin PBXResourcesBuildPhase section */
		0D72B6A522C1CDC6001C303B /* Resources */ = {
			isa = PBXResourcesBuildPhase;
			buildActionMask = 2147483647;
			files = (
				0D72B6B522C1CDC7001C303B /* LaunchScreen.storyboard in Resources */,
				0D72B6B222C1CDC7001C303B /* Assets.xcassets in Resources */,
				0D72B6B022C1CDC6001C303B /* Main.storyboard in Resources */,
			);
			runOnlyForDeploymentPostprocessing = 0;
		};
		0D72B6B922C1CDC7001C303B /* Resources */ = {
			isa = PBXResourcesBuildPhase;
			buildActionMask = 2147483647;
			files = (
			);
			runOnlyForDeploymentPostprocessing = 0;
		};
		0D72B6C422C1CDC7001C303B /* Resources */ = {
			isa = PBXResourcesBuildPhase;
			buildActionMask = 2147483647;
			files = (
			);
			runOnlyForDeploymentPostprocessing = 0;
		};
/* End PBXResourcesBuildPhase section */

/* Begin PBXSourcesBuildPhase section */
		0D72B6A322C1CDC6001C303B /* Sources */ = {
			isa = PBXSourcesBuildPhase;
			buildActionMask = 2147483647;
			files = (
				0D72B6AD22C1CDC6001C303B /* ViewController.swift in Sources */,
				0DE704F022CC5A0A001CB6FD /* solve.c in Sources */,
				0DE704EE22CC5A0A001CB6FD /* facecube.c in Sources */,
				0DE704EB22CC5A0A001CB6FD /* search.c in Sources */,
				0D72B6AB22C1CDC6001C303B /* AppDelegate.swift in Sources */,
				0DE7049722CC5934001CB6FD /* MagicCube.swift in Sources */,
				0DE704EC22CC5A0A001CB6FD /* coordcube.c in Sources */,
				0DE704ED22CC5A0A001CB6FD /* cubiecube.c in Sources */,
				0DE7049822CC5934001CB6FD /* MagicCubeViewController.swift in Sources */,
				0DE704EF22CC5A0A001CB6FD /* prunetable_helpers.c in Sources */,
			);
			runOnlyForDeploymentPostprocessing = 0;
		};
		0D72B6B722C1CDC7001C303B /* Sources */ = {
			isa = PBXSourcesBuildPhase;
			buildActionMask = 2147483647;
			files = (
				0D72B6C022C1CDC7001C303B /* magicCudeTests.swift in Sources */,
			);
			runOnlyForDeploymentPostprocessing = 0;
		};
		0D72B6C222C1CDC7001C303B /* Sources */ = {
			isa = PBXSourcesBuildPhase;
			buildActionMask = 2147483647;
			files = (
				0D72B6CB22C1CDC7001C303B /* magicCudeUITests.swift in Sources */,
			);
			runOnlyForDeploymentPostprocessing = 0;
		};
/* End PBXSourcesBuildPhase section */

/* Begin PBXTargetDependency section */
		0D72B6BD22C1CDC7001C303B /* PBXTargetDependency */ = {
			isa = PBXTargetDependency;
			target = 0D72B6A622C1CDC6001C303B /* magicCude */;
			targetProxy = 0D72B6BC22C1CDC7001C303B /* PBXContainerItemProxy */;
		};
		0D72B6C822C1CDC7001C303B /* PBXTargetDependency */ = {
			isa = PBXTargetDependency;
			target = 0D72B6A622C1CDC6001C303B /* magicCude */;
			targetProxy = 0D72B6C722C1CDC7001C303B /* PBXContainerItemProxy */;
		};
/* End PBXTargetDependency section */

/* Begin PBXVariantGroup section */
		0D72B6AE22C1CDC6001C303B /* Main.storyboard */ = {
			isa = PBXVariantGroup;
			children = (
				0D72B6AF22C1CDC6001C303B /* Base */,
			);
			name = Main.storyboard;
			sourceTree = "<group>";
		};
		0D72B6B322C1CDC7001C303B /* LaunchScreen.storyboard */ = {
			isa = PBXVariantGroup;
			children = (
				0D72B6B422C1CDC7001C303B /* Base */,
			);
			name = LaunchScreen.storyboard;
			sourceTree = "<group>";
		};
/* End PBXVariantGroup section */

/* Begin XCBuildConfiguration section */
		0D72B6CD22C1CDC7001C303B /* Debug */ = {
			isa = XCBuildConfiguration;
			buildSettings = {
				ALWAYS_SEARCH_USER_PATHS = NO;
				CLANG_ANALYZER_NONNULL = YES;
				CLANG_ANALYZER_NUMBER_OBJECT_CONVERSION = YES_AGGRESSIVE;
				CLANG_CXX_LANGUAGE_STANDARD = "gnu++14";
				CLANG_CXX_LIBRARY = "libc++";
				CLANG_ENABLE_MODULES = YES;
				CLANG_ENABLE_OBJC_ARC = YES;
				CLANG_ENABLE_OBJC_WEAK = YES;
				CLANG_WARN_BLOCK_CAPTURE_AUTORELEASING = YES;
				CLANG_WARN_BOOL_CONVERSION = YES;
				CLANG_WARN_COMMA = YES;
				CLANG_WARN_CONSTANT_CONVERSION = YES;
				CLANG_WARN_DEPRECATED_OBJC_IMPLEMENTATIONS = YES;
				CLANG_WARN_DIRECT_OBJC_ISA_USAGE = YES_ERROR;
				CLANG_WARN_DOCUMENTATION_COMMENTS = YES;
				CLANG_WARN_EMPTY_BODY = YES;
				CLANG_WARN_ENUM_CONVERSION = YES;
				CLANG_WARN_INFINITE_RECURSION = YES;
				CLANG_WARN_INT_CONVERSION = YES;
				CLANG_WARN_NON_LITERAL_NULL_CONVERSION = YES;
				CLANG_WARN_OBJC_IMPLICIT_RETAIN_SELF = YES;
				CLANG_WARN_OBJC_LITERAL_CONVERSION = YES;
				CLANG_WARN_OBJC_ROOT_CLASS = YES_ERROR;
				CLANG_WARN_RANGE_LOOP_ANALYSIS = YES;
				CLANG_WARN_STRICT_PROTOTYPES = YES;
				CLANG_WARN_SUSPICIOUS_MOVE = YES;
				CLANG_WARN_UNGUARDED_AVAILABILITY = YES_AGGRESSIVE;
				CLANG_WARN_UNREACHABLE_CODE = YES;
				CLANG_WARN__DUPLICATE_METHOD_MATCH = YES;
				CODE_SIGN_IDENTITY = "iPhone Developer";
				COPY_PHASE_STRIP = NO;
				DEBUG_INFORMATION_FORMAT = dwarf;
				ENABLE_STRICT_OBJC_MSGSEND = YES;
				ENABLE_TESTABILITY = YES;
				GCC_C_LANGUAGE_STANDARD = gnu11;
				GCC_DYNAMIC_NO_PIC = NO;
				GCC_NO_COMMON_BLOCKS = YES;
				GCC_OPTIMIZATION_LEVEL = 0;
				GCC_PREPROCESSOR_DEFINITIONS = (
					"DEBUG=1",
					"$(inherited)",
				);
				GCC_WARN_64_TO_32_BIT_CONVERSION = YES;
				GCC_WARN_ABOUT_RETURN_TYPE = YES_ERROR;
				GCC_WARN_UNDECLARED_SELECTOR = YES;
				GCC_WARN_UNINITIALIZED_AUTOS = YES_AGGRESSIVE;
				GCC_WARN_UNUSED_FUNCTION = YES;
				GCC_WARN_UNUSED_VARIABLE = YES;
				IPHONEOS_DEPLOYMENT_TARGET = 12.2;
				MTL_ENABLE_DEBUG_INFO = INCLUDE_SOURCE;
				MTL_FAST_MATH = YES;
				ONLY_ACTIVE_ARCH = YES;
				SDKROOT = iphoneos;
				SWIFT_ACTIVE_COMPILATION_CONDITIONS = DEBUG;
				SWIFT_OPTIMIZATION_LEVEL = "-Onone";
			};
			name = Debug;
		};
		0D72B6CE22C1CDC7001C303B /* Release */ = {
			isa = XCBuildConfiguration;
			buildSettings = {
				ALWAYS_SEARCH_USER_PATHS = NO;
				CLANG_ANALYZER_NONNULL = YES;
				CLANG_ANALYZER_NUMBER_OBJECT_CONVERSION = YES_AGGRESSIVE;
				CLANG_CXX_LANGUAGE_STANDARD = "gnu++14";
				CLANG_CXX_LIBRARY = "libc++";
				CLANG_ENABLE_MODULES = YES;
				CLANG_ENABLE_OBJC_ARC = YES;
				CLANG_ENABLE_OBJC_WEAK = YES;
				CLANG_WARN_BLOCK_CAPTURE_AUTORELEASING = YES;
				CLANG_WARN_BOOL_CONVERSION = YES;
				CLANG_WARN_COMMA = YES;
				CLANG_WARN_CONSTANT_CONVERSION = YES;
				CLANG_WARN_DEPRECATED_OBJC_IMPLEMENTATIONS = YES;
				CLANG_WARN_DIRECT_OBJC_ISA_USAGE = YES_ERROR;
				CLANG_WARN_DOCUMENTATION_COMMENTS = YES;
				CLANG_WARN_EMPTY_BODY = YES;
				CLANG_WARN_ENUM_CONVERSION = YES;
				CLANG_WARN_INFINITE_RECURSION = YES;
				CLANG_WARN_INT_CONVERSION = YES;
				CLANG_WARN_NON_LITERAL_NULL_CONVERSION = YES;
				CLANG_WARN_OBJC_IMPLICIT_RETAIN_SELF = YES;
				CLANG_WARN_OBJC_LITERAL_CONVERSION = YES;
				CLANG_WARN_OBJC_ROOT_CLASS = YES_ERROR;
				CLANG_WARN_RANGE_LOOP_ANALYSIS = YES;
				CLANG_WARN_STRICT_PROTOTYPES = YES;
				CLANG_WARN_SUSPICIOUS_MOVE = YES;
				CLANG_WARN_UNGUARDED_AVAILABILITY = YES_AGGRESSIVE;
				CLANG_WARN_UNREACHABLE_CODE = YES;
				CLANG_WARN__DUPLICATE_METHOD_MATCH = YES;
				CODE_SIGN_IDENTITY = "iPhone Developer";
				COPY_PHASE_STRIP = NO;
				DEBUG_INFORMATION_FORMAT = "dwarf-with-dsym";
				ENABLE_NS_ASSERTIONS = NO;
				ENABLE_STRICT_OBJC_MSGSEND = YES;
				GCC_C_LANGUAGE_STANDARD = gnu11;
				GCC_NO_COMMON_BLOCKS = YES;
				GCC_WARN_64_TO_32_BIT_CONVERSION = YES;
				GCC_WARN_ABOUT_RETURN_TYPE = YES_ERROR;
				GCC_WARN_UNDECLARED_SELECTOR = YES;
				GCC_WARN_UNINITIALIZED_AUTOS = YES_AGGRESSIVE;
				GCC_WARN_UNUSED_FUNCTION = YES;
				GCC_WARN_UNUSED_VARIABLE = YES;
				IPHONEOS_DEPLOYMENT_TARGET = 12.2;
				MTL_ENABLE_DEBUG_INFO = NO;
				MTL_FAST_MATH = YES;
				SDKROOT = iphoneos;
				SWIFT_COMPILATION_MODE = wholemodule;
				SWIFT_OPTIMIZATION_LEVEL = "-O";
				VALIDATE_PRODUCT = YES;
			};
			name = Release;
		};
		0D72B6D022C1CDC7001C303B /* Debug */ = {
			isa = XCBuildConfiguration;
			buildSettings = {
				ASSETCATALOG_COMPILER_APPICON_NAME = AppIcon;
				CLANG_ENABLE_MODULES = YES;
				CODE_SIGN_STYLE = Automatic;
				DEVELOPMENT_TEAM = PFC5F8N5W8;
				INFOPLIST_FILE = magicCude/Info.plist;
				LD_RUNPATH_SEARCH_PATHS = (
					"$(inherited)",
					"@executable_path/Frameworks",
				);
				PRODUCT_BUNDLE_IDENTIFIER = com.chenqian.magicCude;
				PRODUCT_NAME = "$(TARGET_NAME)";
				SWIFT_OBJC_BRIDGING_HEADER = "magicCude/ckociemba/magicCude-Bridging-Header.h";
				SWIFT_OPTIMIZATION_LEVEL = "-Onone";
				SWIFT_VERSION = 5.0;
				TARGETED_DEVICE_FAMILY = "1,2";
			};
			name = Debug;
		};
		0D72B6D122C1CDC7001C303B /* Release */ = {
			isa = XCBuildConfiguration;
			buildSettings = {
				ASSETCATALOG_COMPILER_APPICON_NAME = AppIcon;
				CLANG_ENABLE_MODULES = YES;
				CODE_SIGN_STYLE = Automatic;
				DEVELOPMENT_TEAM = PFC5F8N5W8;
				INFOPLIST_FILE = magicCude/Info.plist;
				LD_RUNPATH_SEARCH_PATHS = (
					"$(inherited)",
					"@executable_path/Frameworks",
				);
				PRODUCT_BUNDLE_IDENTIFIER = com.chenqian.magicCude;
				PRODUCT_NAME = "$(TARGET_NAME)";
				SWIFT_OBJC_BRIDGING_HEADER = "magicCude/ckociemba/magicCude-Bridging-Header.h";
				SWIFT_VERSION = 5.0;
				TARGETED_DEVICE_FAMILY = "1,2";
			};
			name = Release;
		};
		0D72B6D322C1CDC7001C303B /* Debug */ = {
			isa = XCBuildConfiguration;
			buildSettings = {
				ALWAYS_EMBED_SWIFT_STANDARD_LIBRARIES = YES;
				BUNDLE_LOADER = "$(TEST_HOST)";
				CODE_SIGN_STYLE = Automatic;
				DEVELOPMENT_TEAM = PFC5F8N5W8;
				INFOPLIST_FILE = magicCudeTests/Info.plist;
				LD_RUNPATH_SEARCH_PATHS = (
					"$(inherited)",
					"@executable_path/Frameworks",
					"@loader_path/Frameworks",
				);
				PRODUCT_BUNDLE_IDENTIFIER = com.chenqian.magicCudeTests;
				PRODUCT_NAME = "$(TARGET_NAME)";
				SWIFT_VERSION = 5.0;
				TARGETED_DEVICE_FAMILY = "1,2";
				TEST_HOST = "$(BUILT_PRODUCTS_DIR)/magicCude.app/magicCude";
			};
			name = Debug;
		};
		0D72B6D422C1CDC7001C303B /* Release */ = {
			isa = XCBuildConfiguration;
			buildSettings = {
				ALWAYS_EMBED_SWIFT_STANDARD_LIBRARIES = YES;
				BUNDLE_LOADER = "$(TEST_HOST)";
				CODE_SIGN_STYLE = Automatic;
				DEVELOPMENT_TEAM = PFC5F8N5W8;
				INFOPLIST_FILE = magicCudeTests/Info.plist;
				LD_RUNPATH_SEARCH_PATHS = (
					"$(inherited)",
					"@executable_path/Frameworks",
					"@loader_path/Frameworks",
				);
				PRODUCT_BUNDLE_IDENTIFIER = com.chenqian.magicCudeTests;
				PRODUCT_NAME = "$(TARGET_NAME)";
				SWIFT_VERSION = 5.0;
				TARGETED_DEVICE_FAMILY = "1,2";
				TEST_HOST = "$(BUILT_PRODUCTS_DIR)/magicCude.app/magicCude";
			};
			name = Release;
		};
		0D72B6D622C1CDC7001C303B /* Debug */ = {
			isa = XCBuildConfiguration;
			buildSettings = {
				ALWAYS_EMBED_SWIFT_STANDARD_LIBRARIES = YES;
				CODE_SIGN_STYLE = Automatic;
				DEVELOPMENT_TEAM = PFC5F8N5W8;
				INFOPLIST_FILE = magicCudeUITests/Info.plist;
				LD_RUNPATH_SEARCH_PATHS = (
					"$(inherited)",
					"@executable_path/Frameworks",
					"@loader_path/Frameworks",
				);
				PRODUCT_BUNDLE_IDENTIFIER = com.chenqian.magicCudeUITests;
				PRODUCT_NAME = "$(TARGET_NAME)";
				SWIFT_VERSION = 5.0;
				TARGETED_DEVICE_FAMILY = "1,2";
				TEST_TARGET_NAME = magicCude;
			};
			name = Debug;
		};
		0D72B6D722C1CDC7001C303B /* Release */ = {
			isa = XCBuildConfiguration;
			buildSettings = {
				ALWAYS_EMBED_SWIFT_STANDARD_LIBRARIES = YES;
				CODE_SIGN_STYLE = Automatic;
				DEVELOPMENT_TEAM = PFC5F8N5W8;
				INFOPLIST_FILE = magicCudeUITests/Info.plist;
				LD_RUNPATH_SEARCH_PATHS = (
					"$(inherited)",
					"@executable_path/Frameworks",
					"@loader_path/Frameworks",
				);
				PRODUCT_BUNDLE_IDENTIFIER = com.chenqian.magicCudeUITests;
				PRODUCT_NAME = "$(TARGET_NAME)";
				SWIFT_VERSION = 5.0;
				TARGETED_DEVICE_FAMILY = "1,2";
				TEST_TARGET_NAME = magicCude;
			};
			name = Release;
		};
/* End XCBuildConfiguration section */

/* Begin XCConfigurationList section */
		0D72B6A222C1CDC6001C303B /* Build configuration list for PBXProject "magicCude" */ = {
			isa = XCConfigurationList;
			buildConfigurations = (
				0D72B6CD22C1CDC7001C303B /* Debug */,
				0D72B6CE22C1CDC7001C303B /* Release */,
			);
			defaultConfigurationIsVisible = 0;
			defaultConfigurationName = Release;
		};
		0D72B6CF22C1CDC7001C303B /* Build configuration list for PBXNativeTarget "magicCude" */ = {
			isa = XCConfigurationList;
			buildConfigurations = (
				0D72B6D022C1CDC7001C303B /* Debug */,
				0D72B6D122C1CDC7001C303B /* Release */,
			);
			defaultConfigurationIsVisible = 0;
			defaultConfigurationName = Release;
		};
		0D72B6D222C1CDC7001C303B /* Build configuration list for PBXNativeTarget "magicCudeTests" */ = {
			isa = XCConfigurationList;
			buildConfigurations = (
				0D72B6D322C1CDC7001C303B /* Debug */,
				0D72B6D422C1CDC7001C303B /* Release */,
			);
			defaultConfigurationIsVisible = 0;
			defaultConfigurationName = Release;
		};
		0D72B6D522C1CDC7001C303B /* Build configuration list for PBXNativeTarget "magicCudeUITests" */ = {
			isa = XCConfigurationList;
			buildConfigurations = (
				0D72B6D622C1CDC7001C303B /* Debug */,
				0D72B6D722C1CDC7001C303B /* Release */,
			);
			defaultConfigurationIsVisible = 0;
			defaultConfigurationName = Release;
		};
/* End XCConfigurationList section */
	};
	rootObject = 0D72B69F22C1CDC6001C303B /* Project object */;
}
